{
  "lockfileVersion": 2,
  "configVersion": 1,
  "workspaces": {
    "": {
      "name": "dsh-perf-review",
      "dependencies": {
        "@deepseek-ai/dsh-skill": "~0.2.0-rc.2",
        "yaml": "2.9.1",
      },
      "devDependencies": {
        "@deepseek-ai/cordis": "4.0.4",
        "@deepseek-ai/dsh-scope": "0.2.0-rc.2",
        "@deepseek-ai/dsh-skill": "~0.2.0-rc.2",
      },
    },
  },
  "packages": {
    "@deepseek-ai/cordis": ["@deepseek-ai/cordis@4.0.4", "", { "dependencies": { "@deepseek-ai/cosmokit": "~1.8.5", "@standard-schema/spec": "^1.1.0" }, "peerDependencies": { "@deepseek-ai/cordis-plugin-include": "~1.0.9", "@deepseek-ai/cordis-plugin-loader": "~1.0.5" }, "optionalPeers": ["@deepseek-ai/cordis-plugin-include", "@deepseek-ai/cordis-plugin-loader"], "bin": { "cordis": "bin.js" } }, "sha512-obgyxqWAmFn3Re8kvsuUnyW+ihrz6eJCnJO4fh1cQzDtmPYz/zzVeUkH9R94I0OwSVOocK67Kgakm04j/oQXzg=="],

    "@deepseek-ai/cosmokit": ["@deepseek-ai/cosmokit@1.8.5", "", {}, "sha512-LXsrlem9z8dq4sLflj2yuCuYX7KqhdzF5hZly3eZyuTo8d6oDSOXuEgC5DbQWKW+lksm6zmOutQLsP/ma6wR6A=="],

    "@deepseek-ai/dsh-brand": ["@deepseek-ai/dsh-brand@0.2.0-rc.2", "", { "peerDependencies": { "@deepseek-ai/cordis": "~4.0.4" } }, "sha512-A5XlN4tIgP0qObkYFhcZ7Oz/tM2oESEZqLwS0Qq+sM1ivGx6o4AMPgJdfKQlwLzqk0cMLNtAaVBHfiYoElt4lw=="],

    "@deepseek-ai/dsh-invariants": ["@deepseek-ai/dsh-invariants@0.2.0-rc.2", "", { "dependencies": { "@deepseek-ai/schemastery": "~3.18.4" }, "peerDependencies": { "@deepseek-ai/cordis": "~4.0.4" } }, "sha512-QOVc0HpRsS8ekvprb45FlxieDvgR/cAMaxW289HASjMoV/U/B54FpbkHuPBw4EnTw07/sPkjx2B/23+YqE0cbg=="],

    "@deepseek-ai/dsh-llm": ["@deepseek-ai/dsh-llm@0.2.0-rc.2", "", { "dependencies": { "@deepseek-ai/dsh-brand": "0.2.0-rc.2", "@deepseek-ai/dsh-timeout": "0.2.0-rc.2", "@deepseek-ai/dsh-typert-protocol": "0.2.0-rc.2", "@deepseek-ai/dsh-util-crypto": "0.2.0-rc.2", "@deepseek-ai/dsh-util-values": "0.2.0-rc.2", "@deepseek-ai/schemastery": "~3.18.4", "zod": "^4.4.3" }, "peerDependencies": { "@deepseek-ai/cordis": "~4.0.4" } }, "sha512-6QFrQn/h0iNqCfPpgQidnHtLSpA99A7ZND/uYKaGSd/4BGP8KBhuRd0w63e9s4u+hfW8jc3j29WKcNLIOeUfcA=="],

    "@deepseek-ai/dsh-scope": ["@deepseek-ai/dsh-scope@0.2.0-rc.2", "", { "peerDependencies": { "@deepseek-ai/cordis": "~4.0.4", "@deepseek-ai/dsh-invariants": "0.2.0-rc.2" } }, "sha512-066p7Wv74GNWt4xA5Cyvl+7c/i9KrNEDALYh2/hu0VsJPLb4T9He+TY7y1bld9OgungmqyTy1n/cB2ZrVskvxA=="],

    "@deepseek-ai/dsh-skill": ["@deepseek-ai/dsh-skill@0.2.0-rc.2", "", { "dependencies": { "@deepseek-ai/dsh-util-values": "0.2.0-rc.2", "@deepseek-ai/schemastery": "~3.18.4" }, "peerDependencies": { "@deepseek-ai/cordis": "~4.0.4", "@deepseek-ai/dsh-llm": "0.2.0-rc.2", "@deepseek-ai/dsh-scope": "0.2.0-rc.2" } }, "sha512-3QfzZ6qWfESq1TRoVjEfoBRCTONRLU9aLopKpA7hJg/LZ2GqCgMoSvOwJJL+q2Djbs3oiUyC9qJHRnnN6EacIA=="],

    "@deepseek-ai/dsh-timeout": ["@deepseek-ai/dsh-timeout@0.2.0-rc.2", "", { "peerDependencies": { "@deepseek-ai/cordis": "~4.0.4" } }, "sha512-NDob8b8DJDB/sDPz3P7xhrkxOh1O9FbN1EZRKsxP4fuTfp4hrQU7aekYS5qZENFKoR8dBJMTh/zcEBw4m31glQ=="],

    "@deepseek-ai/dsh-typert-protocol": ["@deepseek-ai/dsh-typert-protocol@0.2.0-rc.2", "", { "dependencies": { "@deepseek-ai/dsh-brand": "0.2.0-rc.2" }, "peerDependencies": { "@deepseek-ai/cordis": "~4.0.4" } }, "sha512-95RvIDcVac2BWdv1IxN6yKlRV+8eEvkofqSxV+d0r8x1kx2EIWEsbdxz6C+coYIm+8e03MiN+rwOt8J7sLfe7Q=="],

    "@deepseek-ai/dsh-util-crypto": ["@deepseek-ai/dsh-util-crypto@0.2.0-rc.2", "", { "peerDependencies": { "@deepseek-ai/cordis": "~4.0.4" } }, "sha512-5OvvmepY69uXTagUMlnoHqg7euI4ZMifLgfdV8xZO20OslWGGiRCkJbZRyDtcJG9GsXWz9UimfWmUu52zKXJ5w=="],

    "@deepseek-ai/dsh-util-values": ["@deepseek-ai/dsh-util-values@0.2.0-rc.2", "", { "peerDependencies": { "@deepseek-ai/cordis": "~4.0.4" } }, "sha512-qgpsbgiZABuE9UvgNaVo9b2HiWwLeU93CTl9PFXqE0jN8ap1ALxzQsLGvr/q2MJuWDYqnFBg60XnqnY8ZxPWEg=="],

    "@deepseek-ai/schemastery": ["@deepseek-ai/schemastery@3.18.4", "", { "dependencies": { "@deepseek-ai/cosmokit": "~1.8.5", "@standard-schema/spec": "^1.1.0" } }, "sha512-SSXO6tYuyrIqKVbmOnIq0s+riUywYzouFMcnBluHF9n4KMo2G8HvEzhCYj6pj2617/glOjbJuVInJ9hfONsjkg=="],

    "@standard-schema/spec": ["@standard-schema/spec@1.1.0", "", {}, "sha512-l2aFy5jALhniG5HgqrD6jXLi/rUWrKvqN/qJx6yoJsgKhblVd+iqqU4RCXavm/jPityDo5TCvKMnpjKnOriy0w=="],

    "yaml": ["yaml@2.9.1", "", { "bin": { "yaml": "bin.mjs" } }, "sha512-3NxN8+78OdzbT7C/WjGsyfPAtJaN3FNDsWxv7Y7mcDsT/oOmgW8BpyQQFFBnvZE3j9Y2Sdz1ULFLezL7Eb2yFw=="],

    "zod": ["zod@4.6.5", "", {}, "sha512-v5l/aFXZQeai4awLbOpSoHecE9UiMrnfx75tEXLjNonXVARxQ5mOeipTjROUchszUNCqnE+hqAMujRsRHsut2Q=="],
  }
}
